# This lock file was generated by conda-lock (https://github.com/conda-incubator/conda-lock). DO NOT EDIT!
#
# A "lock file" contains a concrete list of package versions (with checksums) to be installed. Unlike
# e.g. `conda env create`, the resulting environment will not change as new package versions become
# available, unless you explicitly update the lock file.
#
# Install this environment as "YOURENV" with:
#     conda-lock install -n YOURENV --file combine.lock
# To update a single package to the latest version compatible with the version constraints in the source:
#     conda-lock lock --lockfile combine.lock --update PACKAGE
# To re-solve the entire environment, e.g. after changing a version constraint in the source file:
#     conda-lock -f combine.yml --lockfile combine.lock
metadata:
  channels:
  - url: bioconda
    used_env_vars: []
  - url: conda-forge
    used_env_vars: []
  content_hash:
    linux-64: fda747ee71f8e0d7eaeea0ff7a9e7a65566b3427347544281a9c99cf5ba0fd55
    osx-64: b9dedf76dd06412a9ad20235b8aadfaa7efe007114ad7a0acf7fc8bd90bf5083
  platforms:
  - linux-64
  - osx-64
  sources:
  - combine.yml
package:
- category: main
  dependencies: {}
  hash:
    md5: ec14b2219f0fe668d28c83bdbde977a3
    sha256: 189ee88597009712cd9602001a42de06d290e37068084f3226c20fa755d104ad
  manager: conda
  name: seqkit
  optional: false
  platform: linux-64
  url: https://conda.anaconda.org/bioconda/linux-64/seqkit-2.1.0-h9ee0642_0.tar.bz2
  version: 2.1.0
- category: main
  dependencies: {}
  hash:
    md5: 9227b2dd9b6996b00d36c0c47c4dbf80
    sha256: 33da629b38cfc038d32e03d6f5175ac391dbcf5b0fe8d9a2b776afb3f5b6988a
  manager: conda
  name: seqkit
  optional: false
  platform: osx-64
  url: https://conda.anaconda.org/bioconda/osx-64/seqkit-2.1.0-h527b516_0.tar.bz2
  version: 2.1.0
version: 1
