# This lock file was generated by conda-lock (https://github.com/conda-incubator/conda-lock). DO NOT EDIT!
#
# A "lock file" contains a concrete list of package versions (with checksums) to be installed. Unlike
# e.g. `conda env create`, the resulting environment will not change as new package versions become
# available, unless you explicitly update the lock file.
#
# Install this environment as "YOURENV" with:
#     conda-lock install -n YOURENV --file dynamicbeast.lock
# To update a single package to the latest version compatible with the version constraints in the source:
#     conda-lock lock --lockfile dynamicbeast.lock --update PACKAGE
# To re-solve the entire environment, e.g. after changing a version constraint in the source file:
#     conda-lock -f dynamicbeast.yml --lockfile dynamicbeast.lock
metadata:
  channels:
  - url: conda-forge
    used_env_vars: []
  content_hash:
    linux-64: 2107710d1241fbc9ef53b90f29c1c64af2f53dd57b00d365f03de59cb1261f2b
    osx-64: 694801e3e72a73b3b3ff790d6affb1226b836e141eceb37cb75ecddde16068b4
  platforms:
  - linux-64
  - osx-64
  sources:
  - dynamicbeast.yml
package:
- category: main
  dependencies: {}
  hash:
    md5: d7c89558ba9fa0495403155b64376d81
    sha256: fe51de6107f9edc7aa4f786a70f4a883943bc9d39b3bb7307c04c41410990726
  manager: conda
  name: _libgcc_mutex
  optional: false
  platform: linux-64
  url: https://conda.anaconda.org/conda-forge/linux-64/_libgcc_mutex-0.1-conda_forge.tar.bz2
  version: '0.1'
- category: main
  dependencies: {}
  hash:
    md5: c320890f77fd1d617fa876e0982002c2
    sha256: e2aa0004ae9907f8c150d4cb3d00f8146b812f7f6906142c5258cca3eb2c7abf
  manager: conda
  name: ca-certificates
  optional: false
  platform: linux-64
  url: https://conda.anaconda.org/conda-forge/linux-64/ca-certificates-2022.6.15-ha878542_0.tar.bz2
  version: 2022.6.15
- category: main
  dependencies: {}
  hash:
    md5: bd4f2e711b39af170e7ff15163fe87ee
    sha256: ad7985a9ff622880cf87c42db1ffe2dfb040d8175c1bb352fc8f3705c7e0962f
  manager: conda
  name: ld_impl_linux-64
  optional: false
  platform: linux-64
  url: https://conda.anaconda.org/conda-forge/linux-64/ld_impl_linux-64-2.36.1-hea4e1c9_2.tar.bz2
  version: 2.36.1
- category: main
  dependencies: {}
  hash:
    md5: 84be5301069417a2221187d2f435e0f7
    sha256: 74d8c1fbccae1a78c9bd2b2d1cda73df425cc28717a637198c23bd1c9b53b60e
  manager: conda
  name: tzdata
  optional: false
  platform: linux-64
  url: https://conda.anaconda.org/conda-forge/noarch/tzdata-2022a-h191b570_0.tar.bz2
  version: 2022a
- category: main
  dependencies:
    _libgcc_mutex: 0.1 conda_forge
  hash:
    md5: f013cf7749536ce43d82afbffdf499ab
    sha256: 499fab15d3897a7bf7a1d82dd44c76dad1ceeaec0b71e348e77fb8a753ff898d
  manager: conda
  name: libgomp
  optional: false
  platform: linux-64
  url: https://conda.anaconda.org/conda-forge/linux-64/libgomp-12.1.0-h8d9b700_16.tar.bz2
  version: 12.1.0
- category: main
  dependencies:
    _libgcc_mutex: 0.1 conda_forge
    libgomp: '>=7.5.0'
  hash:
    md5: 73aaf86a425cc6e73fcf236a5a46396d
    sha256: fbe2c5e56a653bebb982eda4876a9178aedfc2b545f25d0ce9c4c0b508253d22
  manager: conda
  name: _openmp_mutex
  optional: false
  platform: linux-64
  url: https://conda.anaconda.org/conda-forge/linux-64/_openmp_mutex-4.5-2_gnu.tar.bz2
  version: '4.5'
- category: main
  dependencies:
    _libgcc_mutex: 0.1 conda_forge
    _openmp_mutex: '>=4.5'
  hash:
    md5: 4f05bc9844f7c101e6e147dab3c88d5c
    sha256: 2fde3d9f0199bf4f5447b35d3fd74d058c17ef2b6c68815eb1b469f2aec138b9
  manager: conda
  name: libgcc-ng
  optional: false
  platform: linux-64
  url: https://conda.anaconda.org/conda-forge/linux-64/libgcc-ng-12.1.0-h8d9b700_16.tar.bz2
  version: 12.1.0
- category: main
  dependencies:
    libgcc-ng: '>=9.3.0'
  hash:
    md5: a1fd65c7ccbf10880423d82bca54eb54
    sha256: cb521319804640ff2ad6a9f118d972ed76d86bea44e5626c09a13d38f562e1fa
  manager: conda
  name: bzip2
  optional: false
  platform: linux-64
  url: https://conda.anaconda.org/conda-forge/linux-64/bzip2-1.0.8-h7f98852_4.tar.bz2
  version: 1.0.8
- category: main
  dependencies:
    libgcc-ng: '>=9.4.0'
  hash:
    md5: d645c6d2ac96843a2bfaccd2d62b3ac3
    sha256: ab6e9856c21709b7b517e940ae7028ae0737546122f83c2aa5d692860c3b149e
  manager: conda
  name: libffi
  optional: false
  platform: linux-64
  url: https://conda.anaconda.org/conda-forge/linux-64/libffi-3.4.2-h7f98852_5.tar.bz2
  version: 3.4.2
- category: main
  dependencies:
    libgcc-ng: '>=9.4.0'
  hash:
    md5: 39b1328babf85c7c3a61636d9cd50206
    sha256: 32f4fb94d99946b0dabfbbfd442b25852baf909637f2eed1ffe3baea15d02aad
  manager: conda
  name: libnsl
  optional: false
  platform: linux-64
  url: https://conda.anaconda.org/conda-forge/linux-64/libnsl-2.0.0-h7f98852_0.tar.bz2
  version: 2.0.0
- category: main
  dependencies:
    libgcc-ng: '>=9.3.0'
  hash:
    md5: 772d69f030955d9646d3d0eaf21d859d
    sha256: 54f118845498353c936826f8da79b5377d23032bcac8c4a02de2019e26c3f6b3
  manager: conda
  name: libuuid
  optional: false
  platform: linux-64
  url: https://conda.anaconda.org/conda-forge/linux-64/libuuid-2.32.1-h7f98852_1000.tar.bz2
  version: 2.32.1
- category: main
  dependencies:
    libgcc-ng: '>=12'
  hash:
    md5: 58eaff4f91891978af3625e7bbf958af
    sha256: 6282bc3ac5689b277ef66b7d9b18b4afa449995bfa3883be9863dbc88dacfcd5
  manager: conda
  name: libzlib
  optional: false
  platform: linux-64
  url: https://conda.anaconda.org/conda-forge/linux-64/libzlib-1.2.12-h166bdaf_1.tar.bz2
  version: 1.2.12
- category: main
  dependencies:
    libgcc-ng: '>=10.3.0'
  hash:
    md5: 4acfc691e64342b9dae57cf2adc63238
    sha256: b801e8cf4b2c9a30bce5616746c6c2a4e36427f045b46d9fc08a4ed40a9f7065
  manager: conda
  name: ncurses
  optional: false
  platform: linux-64
  url: https://conda.anaconda.org/conda-forge/linux-64/ncurses-6.3-h27087fc_1.tar.bz2
  version: '6.3'
- category: main
  dependencies:
    ca-certificates: ''
    libgcc-ng: '>=12'
  hash:
    md5: af48b74391b9892d7d24ba05d6900615
    sha256: 3c32033e03319d6cb116af936bfb755bc9994e330790a60cb11519e32868431d
  manager: conda
  name: openssl
  optional: false
  platform: linux-64
  url: https://conda.anaconda.org/conda-forge/linux-64/openssl-3.0.4-h166bdaf_2.tar.bz2
  version: 3.0.4
- category: main
  dependencies:
    libgcc-ng: '>=7.5.0'
  hash:
    md5: 33f601066901f3e1a85af3522a8113f9
    sha256: 1e2823cb2a526bc3a7031ad5dbfb992891f9ff9740d1c17cb6dbb8ebdfd33b27
  manager: conda
  name: xz
  optional: false
  platform: linux-64
  url: https://conda.anaconda.org/conda-forge/linux-64/xz-5.2.5-h516909a_1.tar.bz2
  version: 5.2.5
- category: main
  dependencies:
    libgcc-ng: '>=12'
    ncurses: '>=6.3,<7.0a0'
  hash:
    md5: db2ebbe2943aae81ed051a6a9af8e0fa
    sha256: f5f383193bdbe01c41cb0d6f99fec68e820875e842e6e8b392dbe1a9b6c43ed8
  manager: conda
  name: readline
  optional: false
  platform: linux-64
  url: https://conda.anaconda.org/conda-forge/linux-64/readline-8.1.2-h0f457ee_0.tar.bz2
  version: 8.1.2
- category: main
  dependencies:
    libgcc-ng: '>=9.4.0'
    libzlib: '>=1.2.11,<1.3.0a0'
  hash:
    md5: 5b8c42eb62e9fc961af70bdd6a26e168
    sha256: 032fd769aad9d4cad40ba261ab222675acb7ec951a8832455fce18ef33fa8df0
  manager: conda
  name: tk
  optional: false
  platform: linux-64
  url: https://conda.anaconda.org/conda-forge/linux-64/tk-8.6.12-h27826a3_0.tar.bz2
  version: 8.6.12
- category: main
  dependencies:
    libgcc-ng: '>=12'
    libzlib: 1.2.12 h166bdaf_1
  hash:
    md5: e4b67f2b4096807cd7d836227c026a43
    sha256: 6dbd92f2c622a4d1218f06225f11a5fb3c16bbb26bb1f593f040f67f7b7ab264
  manager: conda
  name: zlib
  optional: false
  platform: linux-64
  url: https://conda.anaconda.org/conda-forge/linux-64/zlib-1.2.12-h166bdaf_1.tar.bz2
  version: 1.2.12
- category: main
  dependencies:
    libgcc-ng: '>=12'
    libzlib: '>=1.2.12,<1.3.0a0'
    ncurses: '>=6.3,<7.0a0'
    readline: '>=8.1.2,<9.0a0'
    zlib: '>=1.2.12,<1.3.0a0'
  hash:
    md5: ead30581ba8cfd52d69632868b844d4a
    sha256: 755eb1724379e49a50ab3ee073921baa5d3a85c82d8f5e11a3d365b98ac7c993
  manager: conda
  name: sqlite
  optional: false
  platform: linux-64
  url: https://conda.anaconda.org/conda-forge/linux-64/sqlite-3.39.0-h4ff8645_0.tar.bz2
  version: 3.39.0
- category: main
  dependencies:
    bzip2: '>=1.0.8,<2.0a0'
    ld_impl_linux-64: '>=2.36.1'
    libffi: '>=3.4.2,<3.5.0a0'
    libgcc-ng: '>=12'
    libnsl: '>=2.0.0,<2.1.0a0'
    libuuid: '>=2.32.1,<3.0a0'
    libzlib: '>=1.2.12,<1.3.0a0'
    ncurses: '>=6.3,<7.0a0'
    openssl: '>=3.0.3,<4.0a0'
    readline: '>=8.1.2,<9.0a0'
    sqlite: '>=3.38.5,<4.0a0'
    tk: '>=8.6.12,<8.7.0a0'
    tzdata: ''
    xz: '>=5.2.5,<5.3.0a0'
  hash:
    md5: 55a9dbd539c8af4e1a0ff5d87c1f3a14
    sha256: de1c84a5c020f55faee03fd4326fd38bf5363925927989cc0ac672d943a4be8b
  manager: conda
  name: python
  optional: false
  platform: linux-64
  url: https://conda.anaconda.org/conda-forge/linux-64/python-3.10.5-ha86cf86_0_cpython.tar.bz2
  version: 3.10.5
- category: main
  dependencies:
    python: 3.10.*
  hash:
    md5: 9e7160cd0d865e98f6803f1fe15c8b61
    sha256: e7e52aaec7cba6e17e45d731f9d38ede007aea0d72aee66670ab71016f5783ed
  manager: conda
  name: python_abi
  optional: false
  platform: linux-64
  url: https://conda.anaconda.org/conda-forge/linux-64/python_abi-3.10-2_cp310.tar.bz2
  version: '3.10'
- category: main
  dependencies:
    python: '!=3.0,!=3.1,!=3.2,!=3.3,!=3.4'
  hash:
    md5: 1ca02aaf78d9c70d9a81a3bed5752022
    sha256: aede66e6370f3b936164a703e48362f9080d7162234058fb2ee63cc84d528afc
  manager: conda
  name: wheel
  optional: false
  platform: linux-64
  url: https://conda.anaconda.org/conda-forge/noarch/wheel-0.37.1-pyhd8ed1ab_0.tar.bz2
  version: 0.37.1
- category: main
  dependencies:
    python: '>=3.10,<3.11.0a0'
    python_abi: 3.10.* *_cp310
  hash:
    md5: 7fc5b1d6db9f6a9307330303a3edb04d
    sha256: 9bccdbb16f293ffd843e5b8ac59366d8787194d3b8d2045079cb5f901fc2f319
  manager: conda
  name: setuptools
  optional: false
  platform: linux-64
  url: https://conda.anaconda.org/conda-forge/linux-64/setuptools-62.6.0-py310hff52083_0.tar.bz2
  version: 62.6.0
- category: main
  dependencies:
    python: '>=3.7'
    setuptools: ''
    wheel: ''
  hash:
    md5: d29185c662a424f8bea1103270b85c96
    sha256: 139e9fb1c67fb5743febe466bed33d0220a2650fdaaa2e90bca97860a75c48ef
  manager: conda
  name: pip
  optional: false
  platform: linux-64
  url: https://conda.anaconda.org/conda-forge/noarch/pip-22.1.2-pyhd8ed1ab_0.tar.bz2
  version: 22.1.2
- category: main
  dependencies: {}
  hash:
    sha256: 854bf444933e37f5824ae7bfc1e98d5bce2ebe4160d46b5edf346a89358e99da
  manager: pip
  name: colorama
  optional: false
  platform: linux-64
  source: null
  url: https://files.pythonhosted.org/packages/77/8b/7550e87b2d308a1b711725dfaddc19c695f8c5fa413c640b2be01662f4e6/colorama-0.4.5-py2.py3-none-any.whl
  version: 0.4.5
- category: main
  dependencies: {}
  hash:
    sha256: 536b67a0697f2e4af32ab176c00a50ac2899c5a05e0d8e2dadac8e58888283f9
  manager: pip
  name: shellingham
  optional: false
  platform: linux-64
  source: null
  url: https://files.pythonhosted.org/packages/76/94/7a764d57d0f46534e0022e651da6547bc5cfe7b6372e7e0ed1dde6f5cb67/shellingham-1.4.0-py2.py3-none-any.whl
  version: 1.4.0
- category: main
  dependencies:
    colorama: '*'
  hash:
    sha256: bb4d8133cb15a609f44e8213d9b391b0809795062913b383c62be0ee95b1db48
  manager: pip
  name: click
  optional: false
  platform: linux-64
  source: null
  url: https://files.pythonhosted.org/packages/c2/f1/df59e28c642d583f7dacffb1e0965d0e00b218e0186d7858ac5233dce840/click-8.1.3-py3-none-any.whl
  version: 8.1.3
- category: main
  dependencies:
    click: '>=7.1.1,<9.0.0'
    colorama: '>=0.4.3,<0.5.0'
    shellingham: '>=1.3.0,<2.0.0'
  hash:
    sha256: 023bae00d1baf358a6cc7cea45851639360bb716de687b42b0a4641cd99173f1
  manager: pip
  name: typer
  optional: false
  platform: linux-64
  source: null
  url: https://files.pythonhosted.org/packages/9d/ea/b565bc44a1af5278ef2ff9d571cdb4f4bc31fd450b0630441c93401c243c/typer-0.4.2-py3-none-any.whl
  version: 0.4.2
- category: main
  dependencies:
    typer: '>=0.3.2'
  hash:
    sha256: ebe0521b97283e94701a257b1ccb2137fe0bbdc7de1005c86354385533a788f5
  manager: pip
  name: dynamic-beast
  optional: false
  platform: linux-64
  source: null
  url: https://files.pythonhosted.org/packages/cf/77/ce0f2b059b5c54a9471b1f728424f2531c9a0ca780cca7679807ee3a118e/dynamic_beast-1.8.2-py3-none-any.whl
  version: 1.8.2
- category: main
  dependencies: {}
  hash:
    md5: 37edc4e6304ca87316e160f5ca0bd1b5
    sha256: 60ba4c64f5d0afca0d283c7addba577d3e2efc0db86002808dadb0498661b2f2
  manager: conda
  name: bzip2
  optional: false
  platform: osx-64
  url: https://conda.anaconda.org/conda-forge/osx-64/bzip2-1.0.8-h0d85af4_4.tar.bz2
  version: 1.0.8
- category: main
  dependencies: {}
  hash:
    md5: d16674f96e47de0d08af3fc97803134e
    sha256: cd2a02952e3b0b190680b0be804b586908340378a7fe3e711a3d191c9c1e8e9c
  manager: conda
  name: ca-certificates
  optional: false
  platform: osx-64
  url: https://conda.anaconda.org/conda-forge/osx-64/ca-certificates-2022.6.15-h033912b_0.tar.bz2
  version: 2022.6.15
- category: main
  dependencies: {}
  hash:
    md5: ccb34fb14960ad8b125962d3d79b31a9
    sha256: 7a2d27a936ceee6942ea4d397f9c7d136f12549d86f7617e8b6bad51e01a941f
  manager: conda
  name: libffi
  optional: false
  platform: osx-64
  url: https://conda.anaconda.org/conda-forge/osx-64/libffi-3.4.2-h0d85af4_5.tar.bz2
  version: 3.4.2
- category: main
  dependencies: {}
  hash:
    md5: f7d43cae08c86f73be8cbda4f8e43373
    sha256: 09726e84419815a1cda99725a224aba4cbf11fe3e48de47a0b55b506da5b5f0a
  manager: conda
  name: libzlib
  optional: false
  platform: osx-64
  url: https://conda.anaconda.org/conda-forge/osx-64/libzlib-1.2.12-hfe4f2af_1.tar.bz2
  version: 1.2.12
- category: main
  dependencies: {}
  hash:
    md5: 76217ebfbb163ff2770a261f955a5861
    sha256: 9794a23d03586c99cac49d4ae3d5337faaa6bfc256b31d2662ff4ad5972be143
  manager: conda
  name: ncurses
  optional: false
  platform: osx-64
  url: https://conda.anaconda.org/conda-forge/osx-64/ncurses-6.3-h96cf925_1.tar.bz2
  version: '6.3'
- category: main
  dependencies: {}
  hash:
    md5: 84be5301069417a2221187d2f435e0f7
    sha256: 74d8c1fbccae1a78c9bd2b2d1cda73df425cc28717a637198c23bd1c9b53b60e
  manager: conda
  name: tzdata
  optional: false
  platform: osx-64
  url: https://conda.anaconda.org/conda-forge/noarch/tzdata-2022a-h191b570_0.tar.bz2
  version: 2022a
- category: main
  dependencies: {}
  hash:
    md5: 41116deb499e9bc58048c297d6403ce6
    sha256: df1db3f4abb8c7166ae045934040aa5b254521ac4251a5f95eb33adce776d950
  manager: conda
  name: xz
  optional: false
  platform: osx-64
  url: https://conda.anaconda.org/conda-forge/osx-64/xz-5.2.5-haf1e3a3_1.tar.bz2
  version: 5.2.5
- category: main
  dependencies:
    ca-certificates: ''
  hash:
    md5: d48349c5f0cbb86408dd152ffd49e131
    sha256: 26bfd06085a3e55d934fab2f72e325e05ec0d2052490f2b54bc6e41913fcbc8a
  manager: conda
  name: openssl
  optional: false
  platform: osx-64
  url: https://conda.anaconda.org/conda-forge/osx-64/openssl-3.0.4-hfe4f2af_2.tar.bz2
  version: 3.0.4
- category: main
  dependencies:
    ncurses: '>=6.3,<7.0a0'
  hash:
    md5: 89fa404901fa8fb7d4f4e07083b8d635
    sha256: c65dc1200a252832db49bdd6836c512a0eaafe97aa914b9f8358b15eebb1d94b
  manager: conda
  name: readline
  optional: false
  platform: osx-64
  url: https://conda.anaconda.org/conda-forge/osx-64/readline-8.1.2-h3899abd_0.tar.bz2
  version: 8.1.2
- category: main
  dependencies:
    libzlib: '>=1.2.11,<1.3.0a0'
  hash:
    md5: 8e9480d9c47061db2ed1b4ecce519a7f
    sha256: 331aa1137a264fd9cc905f04f09a161c801fe504b93da08b4e6697bd7c9ae6a6
  manager: conda
  name: tk
  optional: false
  platform: osx-64
  url: https://conda.anaconda.org/conda-forge/osx-64/tk-8.6.12-h5dbffcc_0.tar.bz2
  version: 8.6.12
- category: main
  dependencies:
    libzlib: 1.2.12 hfe4f2af_1
  hash:
    md5: 12fdf8350ef315e7ad48693346067405
    sha256: 23cb7d8939f8447e745708a5487f2415b32455fc7111ae7ed88081dc6c3dc5bd
  manager: conda
  name: zlib
  optional: false
  platform: osx-64
  url: https://conda.anaconda.org/conda-forge/osx-64/zlib-1.2.12-hfe4f2af_1.tar.bz2
  version: 1.2.12
- category: main
  dependencies:
    libzlib: '>=1.2.12,<1.3.0a0'
    ncurses: '>=6.3,<7.0a0'
    readline: '>=8.1.2,<9.0a0'
    zlib: '>=1.2.12,<1.3.0a0'
  hash:
    md5: 956223b8f1d808bab8ca9d8fb08778ec
    sha256: 6a4d365a808faa12002402841c4b81385e93476f198d77615fd77d66ba50eac9
  manager: conda
  name: sqlite
  optional: false
  platform: osx-64
  url: https://conda.anaconda.org/conda-forge/osx-64/sqlite-3.39.0-hd9f0692_0.tar.bz2
  version: 3.39.0
- category: main
  dependencies:
    bzip2: '>=1.0.8,<2.0a0'
    libffi: '>=3.4.2,<3.5.0a0'
    libzlib: '>=1.2.12,<1.3.0a0'
    ncurses: '>=6.3,<7.0a0'
    openssl: '>=3.0.3,<4.0a0'
    readline: '>=8.1.2,<9.0a0'
    sqlite: '>=3.38.5,<4.0a0'
    tk: '>=8.6.12,<8.7.0a0'
    tzdata: ''
    xz: '>=5.2.5,<5.3.0a0'
  hash:
    md5: 9d357c9dc91e42b29f93756cad60bda9
    sha256: 2392693ad2df06523250b4526478eb8f86043fdec2f2933406a20e810f5903a2
  manager: conda
  name: python
  optional: false
  platform: osx-64
  url: https://conda.anaconda.org/conda-forge/osx-64/python-3.10.5-hdd68b96_0_cpython.tar.bz2
  version: 3.10.5
- category: main
  dependencies:
    python: 3.10.*
  hash:
    md5: 502ca4a8b43b424316f380d864832877
    sha256: c79e3da64d6f79377d58d6313463001c7520a23141466816ccb07aed8700afc2
  manager: conda
  name: python_abi
  optional: false
  platform: osx-64
  url: https://conda.anaconda.org/conda-forge/osx-64/python_abi-3.10-2_cp310.tar.bz2
  version: '3.10'
- category: main
  dependencies:
    python: '!=3.0,!=3.1,!=3.2,!=3.3,!=3.4'
  hash:
    md5: 1ca02aaf78d9c70d9a81a3bed5752022
    sha256: aede66e6370f3b936164a703e48362f9080d7162234058fb2ee63cc84d528afc
  manager: conda
  name: wheel
  optional: false
  platform: osx-64
  url: https://conda.anaconda.org/conda-forge/noarch/wheel-0.37.1-pyhd8ed1ab_0.tar.bz2
  version: 0.37.1
- category: main
  dependencies:
    python: '>=3.10,<3.11.0a0'
    python_abi: 3.10.* *_cp310
  hash:
    md5: e2a5d2590767628cc44864a6be4eba89
    sha256: b7c2171baa8f08f20556ad763952ecaa4772775894cf9f313284fa3d34eebbef
  manager: conda
  name: setuptools
  optional: false
  platform: osx-64
  url: https://conda.anaconda.org/conda-forge/osx-64/setuptools-62.6.0-py310h2ec42d9_0.tar.bz2
  version: 62.6.0
- category: main
  dependencies:
    python: '>=3.7'
    setuptools: ''
    wheel: ''
  hash:
    md5: d29185c662a424f8bea1103270b85c96
    sha256: 139e9fb1c67fb5743febe466bed33d0220a2650fdaaa2e90bca97860a75c48ef
  manager: conda
  name: pip
  optional: false
  platform: osx-64
  url: https://conda.anaconda.org/conda-forge/noarch/pip-22.1.2-pyhd8ed1ab_0.tar.bz2
  version: 22.1.2
- category: main
  dependencies: {}
  hash:
    sha256: 854bf444933e37f5824ae7bfc1e98d5bce2ebe4160d46b5edf346a89358e99da
  manager: pip
  name: colorama
  optional: false
  platform: osx-64
  source: null
  url: https://files.pythonhosted.org/packages/77/8b/7550e87b2d308a1b711725dfaddc19c695f8c5fa413c640b2be01662f4e6/colorama-0.4.5-py2.py3-none-any.whl
  version: 0.4.5
- category: main
  dependencies: {}
  hash:
    sha256: 536b67a0697f2e4af32ab176c00a50ac2899c5a05e0d8e2dadac8e58888283f9
  manager: pip
  name: shellingham
  optional: false
  platform: osx-64
  source: null
  url: https://files.pythonhosted.org/packages/76/94/7a764d57d0f46534e0022e651da6547bc5cfe7b6372e7e0ed1dde6f5cb67/shellingham-1.4.0-py2.py3-none-any.whl
  version: 1.4.0
- category: main
  dependencies:
    colorama: '*'
  hash:
    sha256: bb4d8133cb15a609f44e8213d9b391b0809795062913b383c62be0ee95b1db48
  manager: pip
  name: click
  optional: false
  platform: osx-64
  source: null
  url: https://files.pythonhosted.org/packages/c2/f1/df59e28c642d583f7dacffb1e0965d0e00b218e0186d7858ac5233dce840/click-8.1.3-py3-none-any.whl
  version: 8.1.3
- category: main
  dependencies:
    click: '>=7.1.1,<9.0.0'
    colorama: '>=0.4.3,<0.5.0'
    shellingham: '>=1.3.0,<2.0.0'
  hash:
    sha256: 023bae00d1baf358a6cc7cea45851639360bb716de687b42b0a4641cd99173f1
  manager: pip
  name: typer
  optional: false
  platform: osx-64
  source: null
  url: https://files.pythonhosted.org/packages/9d/ea/b565bc44a1af5278ef2ff9d571cdb4f4bc31fd450b0630441c93401c243c/typer-0.4.2-py3-none-any.whl
  version: 0.4.2
- category: main
  dependencies:
    typer: '>=0.3.2'
  hash:
    sha256: ebe0521b97283e94701a257b1ccb2137fe0bbdc7de1005c86354385533a788f5
  manager: pip
  name: dynamic-beast
  optional: false
  platform: osx-64
  source: null
  url: https://files.pythonhosted.org/packages/cf/77/ce0f2b059b5c54a9471b1f728424f2531c9a0ca780cca7679807ee3a118e/dynamic_beast-1.8.2-py3-none-any.whl
  version: 1.8.2
version: 1
