# This lock file was generated by conda-lock (https://github.com/conda-incubator/conda-lock). DO NOT EDIT!
#
# A "lock file" contains a concrete list of package versions (with checksums) to be installed. Unlike
# e.g. `conda env create`, the resulting environment will not change as new package versions become
# available, unless you explicitly update the lock file.
#
# Install this environment as "YOURENV" with:
#     conda-lock install -n YOURENV --file iqtree.lock
# To update a single package to the latest version compatible with the version constraints in the source:
#     conda-lock lock --lockfile iqtree.lock --update PACKAGE
# To re-solve the entire environment, e.g. after changing a version constraint in the source file:
#     conda-lock -f iqtree.yml --lockfile iqtree.lock
metadata:
  channels:
  - url: bioconda
    used_env_vars: []
  - url: conda-forge
    used_env_vars: []
  content_hash:
    linux-64: 34046e7b0daa1d152203ef689cd6889710a5df0c2b8af2d1aa0ea542340d715b
    osx-64: 742fed1a8997b4f909676ab4ade8792e8d4c161ecadffc6765c83df88cdb1e64
  platforms:
  - linux-64
  - osx-64
  sources:
  - iqtree.yml
package:
- category: main
  dependencies: {}
  hash:
    md5: d7c89558ba9fa0495403155b64376d81
    sha256: fe51de6107f9edc7aa4f786a70f4a883943bc9d39b3bb7307c04c41410990726
  manager: conda
  name: _libgcc_mutex
  optional: false
  platform: linux-64
  url: https://conda.anaconda.org/conda-forge/linux-64/_libgcc_mutex-0.1-conda_forge.tar.bz2
  version: '0.1'
- category: main
  dependencies: {}
  hash:
    md5: 6f5ba041a41eb102a1027d9e68731be7
    sha256: c2483256b324253599bdbe6ddb4a04f7a154259473e626aacbfdee7686a994d2
  manager: conda
  name: libstdcxx-ng
  optional: false
  platform: linux-64
  url: https://conda.anaconda.org/conda-forge/linux-64/libstdcxx-ng-12.1.0-ha89aaad_16.tar.bz2
  version: 12.1.0
- category: main
  dependencies:
    _libgcc_mutex: 0.1 conda_forge
  hash:
    md5: f013cf7749536ce43d82afbffdf499ab
    sha256: 499fab15d3897a7bf7a1d82dd44c76dad1ceeaec0b71e348e77fb8a753ff898d
  manager: conda
  name: libgomp
  optional: false
  platform: linux-64
  url: https://conda.anaconda.org/conda-forge/linux-64/libgomp-12.1.0-h8d9b700_16.tar.bz2
  version: 12.1.0
- category: main
  dependencies:
    _libgcc_mutex: 0.1 conda_forge
    libgomp: '>=7.5.0'
  hash:
    md5: 73aaf86a425cc6e73fcf236a5a46396d
    sha256: fbe2c5e56a653bebb982eda4876a9178aedfc2b545f25d0ce9c4c0b508253d22
  manager: conda
  name: _openmp_mutex
  optional: false
  platform: linux-64
  url: https://conda.anaconda.org/conda-forge/linux-64/_openmp_mutex-4.5-2_gnu.tar.bz2
  version: '4.5'
- category: main
  dependencies:
    _libgcc_mutex: 0.1 conda_forge
    _openmp_mutex: '>=4.5'
  hash:
    md5: 4f05bc9844f7c101e6e147dab3c88d5c
    sha256: 2fde3d9f0199bf4f5447b35d3fd74d058c17ef2b6c68815eb1b469f2aec138b9
  manager: conda
  name: libgcc-ng
  optional: false
  platform: linux-64
  url: https://conda.anaconda.org/conda-forge/linux-64/libgcc-ng-12.1.0-h8d9b700_16.tar.bz2
  version: 12.1.0
- category: main
  dependencies:
    libgcc-ng: '>=12'
  hash:
    md5: 58eaff4f91891978af3625e7bbf958af
    sha256: 6282bc3ac5689b277ef66b7d9b18b4afa449995bfa3883be9863dbc88dacfcd5
  manager: conda
  name: libzlib
  optional: false
  platform: linux-64
  url: https://conda.anaconda.org/conda-forge/linux-64/libzlib-1.2.12-h166bdaf_1.tar.bz2
  version: 1.2.12
- category: main
  dependencies:
    libgcc-ng: '>=12'
    libzlib: 1.2.12 h166bdaf_1
  hash:
    md5: e4b67f2b4096807cd7d836227c026a43
    sha256: 6dbd92f2c622a4d1218f06225f11a5fb3c16bbb26bb1f593f040f67f7b7ab264
  manager: conda
  name: zlib
  optional: false
  platform: linux-64
  url: https://conda.anaconda.org/conda-forge/linux-64/zlib-1.2.12-h166bdaf_1.tar.bz2
  version: 1.2.12
- category: main
  dependencies:
    libgcc-ng: '>=7.5.0'
    libstdcxx-ng: '>=7.5.0'
    zlib: '>=1.2.11,<1.3.0a0'
  hash:
    md5: bca65c7d10fd1f3ff0f4a0d4b63b3908
    sha256: 94daf4c1c19b015bf47bdbe75daf22ba1ee0046166415a656b2648c864d70c22
  manager: conda
  name: iqtree
  optional: false
  platform: linux-64
  url: https://conda.anaconda.org/bioconda/linux-64/iqtree-2.1.2-h56fc30b_0.tar.bz2
  version: 2.1.2
- category: main
  dependencies: {}
  hash:
    md5: ac504a8074ae8add8b837a93d7bc33ca
    sha256: 747a06d1431fda3c1ee80101b070dc20f562d169d149130dd568d1825448c318
  manager: conda
  name: libcxx
  optional: false
  platform: osx-64
  url: https://conda.anaconda.org/conda-forge/osx-64/libcxx-14.0.6-hce7ea42_0.tar.bz2
  version: 14.0.6
- category: main
  dependencies: {}
  hash:
    md5: f7d43cae08c86f73be8cbda4f8e43373
    sha256: 09726e84419815a1cda99725a224aba4cbf11fe3e48de47a0b55b506da5b5f0a
  manager: conda
  name: libzlib
  optional: false
  platform: osx-64
  url: https://conda.anaconda.org/conda-forge/osx-64/libzlib-1.2.12-hfe4f2af_1.tar.bz2
  version: 1.2.12
- category: main
  dependencies: {}
  hash:
    md5: 5d5ab9ab83ce21422be84ecfd3142201
    sha256: dfe2fa815471c2638a009eb47969605730d92c3af3f183295587e34f996d2f30
  manager: conda
  name: llvm-openmp
  optional: false
  platform: osx-64
  url: https://conda.anaconda.org/conda-forge/osx-64/llvm-openmp-14.0.4-ha654fa7_0.tar.bz2
  version: 14.0.4
- category: main
  dependencies:
    libzlib: 1.2.12 hfe4f2af_1
  hash:
    md5: 12fdf8350ef315e7ad48693346067405
    sha256: 23cb7d8939f8447e745708a5487f2415b32455fc7111ae7ed88081dc6c3dc5bd
  manager: conda
  name: zlib
  optional: false
  platform: osx-64
  url: https://conda.anaconda.org/conda-forge/osx-64/zlib-1.2.12-hfe4f2af_1.tar.bz2
  version: 1.2.12
- category: main
  dependencies:
    libcxx: '>=9.0.1'
    llvm-openmp: '>=11.1.0'
    zlib: '>=1.2.11,<1.3.0a0'
  hash:
    md5: 876caa1648ad0eee4925131716c223c7
    sha256: 37f090c9a6be617e6782d2144f3c4bea77058dbb9630fc3e2772653d8e648a24
  manager: conda
  name: iqtree
  optional: false
  platform: osx-64
  url: https://conda.anaconda.org/bioconda/osx-64/iqtree-2.1.2-h31d8819_0.tar.bz2
  version: 2.1.2
version: 1
