# This lock file was generated by conda-lock (https://github.com/conda-incubator/conda-lock). DO NOT EDIT!
#
# A "lock file" contains a concrete list of package versions (with checksums) to be installed. Unlike
# e.g. `conda env create`, the resulting environment will not change as new package versions become
# available, unless you explicitly update the lock file.
#
# Install this environment as "YOURENV" with:
#     conda-lock install -n YOURENV --file mafft.lock
# To update a single package to the latest version compatible with the version constraints in the source:
#     conda-lock lock --lockfile mafft.lock --update PACKAGE
# To re-solve the entire environment, e.g. after changing a version constraint in the source file:
#     conda-lock -f mafft.yml --lockfile mafft.lock
metadata:
  channels:
  - url: bioconda
    used_env_vars: []
  - url: conda-forge
    used_env_vars: []
  content_hash:
    linux-64: d55db604719315c62397050ba3c6ba17a498c0ea39f3e5b0bd65c38b74f41ecb
    osx-64: c2ef67fd79fa3d9fef4a2e15f0c2c22c7052f61241a384e1071db38eccfc906f
  platforms:
  - linux-64
  - osx-64
  sources:
  - mafft.yml
package:
- category: main
  dependencies: {}
  hash:
    md5: d7c89558ba9fa0495403155b64376d81
    sha256: fe51de6107f9edc7aa4f786a70f4a883943bc9d39b3bb7307c04c41410990726
  manager: conda
  name: _libgcc_mutex
  optional: false
  platform: linux-64
  url: https://conda.anaconda.org/conda-forge/linux-64/_libgcc_mutex-0.1-conda_forge.tar.bz2
  version: '0.1'
- category: main
  dependencies: {}
  hash:
    md5: ec14b2219f0fe668d28c83bdbde977a3
    sha256: 189ee88597009712cd9602001a42de06d290e37068084f3226c20fa755d104ad
  manager: conda
  name: seqkit
  optional: false
  platform: linux-64
  url: https://conda.anaconda.org/bioconda/linux-64/seqkit-2.1.0-h9ee0642_0.tar.bz2
  version: 2.1.0
- category: main
  dependencies:
    _libgcc_mutex: 0.1 conda_forge
  hash:
    md5: f013cf7749536ce43d82afbffdf499ab
    sha256: 499fab15d3897a7bf7a1d82dd44c76dad1ceeaec0b71e348e77fb8a753ff898d
  manager: conda
  name: libgomp
  optional: false
  platform: linux-64
  url: https://conda.anaconda.org/conda-forge/linux-64/libgomp-12.1.0-h8d9b700_16.tar.bz2
  version: 12.1.0
- category: main
  dependencies:
    _libgcc_mutex: 0.1 conda_forge
    libgomp: '>=7.5.0'
  hash:
    md5: 73aaf86a425cc6e73fcf236a5a46396d
    sha256: fbe2c5e56a653bebb982eda4876a9178aedfc2b545f25d0ce9c4c0b508253d22
  manager: conda
  name: _openmp_mutex
  optional: false
  platform: linux-64
  url: https://conda.anaconda.org/conda-forge/linux-64/_openmp_mutex-4.5-2_gnu.tar.bz2
  version: '4.5'
- category: main
  dependencies:
    _libgcc_mutex: 0.1 conda_forge
    _openmp_mutex: '>=4.5'
  hash:
    md5: 4f05bc9844f7c101e6e147dab3c88d5c
    sha256: 2fde3d9f0199bf4f5447b35d3fd74d058c17ef2b6c68815eb1b469f2aec138b9
  manager: conda
  name: libgcc-ng
  optional: false
  platform: linux-64
  url: https://conda.anaconda.org/conda-forge/linux-64/libgcc-ng-12.1.0-h8d9b700_16.tar.bz2
  version: 12.1.0
- category: main
  dependencies:
    libgcc-ng: '>=7.5.0'
  hash:
    md5: b26b9dac54861cb577e2f6267c9360f0
    sha256: b4e9ee9da23945a627bd7a3b62ed74f9c1a6204ffd77fbd7d4905c2b5dc5ebe2
  manager: conda
  name: mafft
  optional: false
  platform: linux-64
  url: https://conda.anaconda.org/bioconda/linux-64/mafft-7.471-h516909a_0.tar.bz2
  version: '7.471'
- category: main
  dependencies: {}
  hash:
    md5: 0f9c58a5fc9fd458e99e03e92c5d71e4
    sha256: 096123ed2a50d8c7e7c80185880b9ea963e41f812733a9431278d15765299520
  manager: conda
  name: mafft
  optional: false
  platform: osx-64
  url: https://conda.anaconda.org/bioconda/osx-64/mafft-7.471-h0b31af3_0.tar.bz2
  version: '7.471'
- category: main
  dependencies: {}
  hash:
    md5: 9227b2dd9b6996b00d36c0c47c4dbf80
    sha256: 33da629b38cfc038d32e03d6f5175ac391dbcf5b0fe8d9a2b776afb3f5b6988a
  manager: conda
  name: seqkit
  optional: false
  platform: osx-64
  url: https://conda.anaconda.org/bioconda/osx-64/seqkit-2.1.0-h527b516_0.tar.bz2
  version: 2.1.0
version: 1
